
Microsoft Visual Studio Solution File, Format Version 12.00
# Visual Studio Version 17
VisualStudioVersion = 17.3.32929.385
MinimumVisualStudioVersion = 10.0.40219.1
Project("{FAE04EC0-301F-11D3-BF4B-00C04F79EFBC}") = "AreaDaFigura", "AreaDaFigura.csproj", "{1AB7F6EB-1A6D-49BD-AE8E-7888AA1F00C4}"
EndProject
Global
	GlobalSection(SolutionConfigurationPlatforms) = preSolution
		Debug|Any CPU = Debug|Any CPU
		Release|Any CPU = Release|Any CPU
	EndGlobalSection
	GlobalSection(ProjectConfigurationPlatforms) = postSolution
		{1AB7F6EB-1A6D-49BD-AE8E-7888AA1F00C4}.Debug|Any CPU.ActiveCfg = Debug|Any CPU
		{1AB7F6EB-1A6D-49BD-AE8E-7888AA1F00C4}.Debug|Any CPU.Build.0 = Debug|Any CPU
		{1AB7F6EB-1A6D-49BD-AE8E-7888AA1F00C4}.Release|Any CPU.ActiveCfg = Release|Any CPU
		{1AB7F6EB-1A6D-49BD-AE8E-7888AA1F00C4}.Release|Any CPU.Build.0 = Release|Any CPU
	EndGlobalSection
	GlobalSection(SolutionProperties) = preSolution
		HideSolutionNode = FALSE
	EndGlobalSection
	GlobalSection(ExtensibilityGlobals) = postSolution
		SolutionGuid = {A5441C9B-26C1-489C-A314-C6A4DF4BFF07}
	EndGlobalSection
EndGlobal
