
Microsoft Visual Studio Solution File, Format Version 12.00
# Visual Studio Version 17
VisualStudioVersion = 17.3.32929.385
MinimumVisualStudioVersion = 10.0.40219.1
Project("{FAE04EC0-301F-11D3-BF4B-00C04F79EFBC}") = "TarefaAulaHeranca", "TarefaAulaHeranca.csproj", "{66F17431-329E-4971-9C6C-4DB57F2B7422}"
EndProject
Global
	GlobalSection(SolutionConfigurationPlatforms) = preSolution
		Debug|Any CPU = Debug|Any CPU
		Release|Any CPU = Release|Any CPU
	EndGlobalSection
	GlobalSection(ProjectConfigurationPlatforms) = postSolution
		{66F17431-329E-4971-9C6C-4DB57F2B7422}.Debug|Any CPU.ActiveCfg = Debug|Any CPU
		{66F17431-329E-4971-9C6C-4DB57F2B7422}.Debug|Any CPU.Build.0 = Debug|Any CPU
		{66F17431-329E-4971-9C6C-4DB57F2B7422}.Release|Any CPU.ActiveCfg = Release|Any CPU
		{66F17431-329E-4971-9C6C-4DB57F2B7422}.Release|Any CPU.Build.0 = Release|Any CPU
	EndGlobalSection
	GlobalSection(SolutionProperties) = preSolution
		HideSolutionNode = FALSE
	EndGlobalSection
	GlobalSection(ExtensibilityGlobals) = postSolution
		SolutionGuid = {1584855F-25EE-425C-9984-8D33BA980E51}
	EndGlobalSection
EndGlobal
